
Microsoft Visual Studio Solution File, Format Version 12.00
# Visual Studio Version 17
VisualStudioVersion = 17.8.34322.80
MinimumVisualStudioVersion = 10.0.40219.1
Project("{8BC9CEB8-8B4A-11D0-8D11-00A0C91BC942}") = "Binary Search Tree", "Binary Search Tree.vcxproj", "{E7CFDAAD-9671-48A0-B616-2D810A2A9484}"
EndProject
Global
	GlobalSection(SolutionConfigurationPlatforms) = preSolution
		Debug|x64 = Debug|x64
		Debug|x86 = Debug|x86
		Release|x64 = Release|x64
		Release|x86 = Release|x86
	EndGlobalSection
	GlobalSection(ProjectConfigurationPlatforms) = postSolution
		{E7CFDAAD-9671-48A0-B616-2D810A2A9484}.Debug|x64.ActiveCfg = Debug|x64
		{E7CFDAAD-9671-48A0-B616-2D810A2A9484}.Debug|x64.Build.0 = Debug|x64
		{E7CFDAAD-9671-48A0-B616-2D810A2A9484}.Debug|x86.ActiveCfg = Debug|Win32
		{E7CFDAAD-9671-48A0-B616-2D810A2A9484}.Debug|x86.Build.0 = Debug|Win32
		{E7CFDAAD-9671-48A0-B616-2D810A2A9484}.Release|x64.ActiveCfg = Release|x64
		{E7CFDAAD-9671-48A0-B616-2D810A2A9484}.Release|x64.Build.0 = Release|x64
		{E7CFDAAD-9671-48A0-B616-2D810A2A9484}.Release|x86.ActiveCfg = Release|Win32
		{E7CFDAAD-9671-48A0-B616-2D810A2A9484}.Release|x86.Build.0 = Release|Win32
	EndGlobalSection
	GlobalSection(SolutionProperties) = preSolution
		HideSolutionNode = FALSE
	EndGlobalSection
	GlobalSection(ExtensibilityGlobals) = postSolution
		SolutionGuid = {42E98018-0945-4E9A-98B1-E159BDAC39FC}
	EndGlobalSection
EndGlobal
